
Microsoft Visual Studio Solution File, Format Version 12.00
# Visual Studio Version 17
VisualStudioVersion = 17.9.34616.47
MinimumVisualStudioVersion = 10.0.40219.1
Project("{FAE04EC0-301F-11D3-BF4B-00C04F79EFBC}") = "Ecommerce", "Ecommerce.csproj", "{6734F218-9D01-4EBF-9B35-0641DEE74FC1}"
EndProject
Global
	GlobalSection(SolutionConfigurationPlatforms) = preSolution
		Debug|Any CPU = Debug|Any CPU
		Release|Any CPU = Release|Any CPU
	EndGlobalSection
	GlobalSection(ProjectConfigurationPlatforms) = postSolution
		{6734F218-9D01-4EBF-9B35-0641DEE74FC1}.Debug|Any CPU.ActiveCfg = Debug|Any CPU
		{6734F218-9D01-4EBF-9B35-0641DEE74FC1}.Debug|Any CPU.Build.0 = Debug|Any CPU
		{6734F218-9D01-4EBF-9B35-0641DEE74FC1}.Release|Any CPU.ActiveCfg = Release|Any CPU
		{6734F218-9D01-4EBF-9B35-0641DEE74FC1}.Release|Any CPU.Build.0 = Release|Any CPU
	EndGlobalSection
	GlobalSection(SolutionProperties) = preSolution
		HideSolutionNode = FALSE
	EndGlobalSection
	GlobalSection(ExtensibilityGlobals) = postSolution
		SolutionGuid = {25C66D34-11B3-47DF-A3E7-E6F9E33D9306}
	EndGlobalSection
EndGlobal
